// !$*UTF8*$!
{
	archiveVersion = 1;
	classes = {
	};
	objectVersion = 46;
	objects = {

/* Begin PBXBuildFile section */
		193CB0E51F1F3B7C009AF78D /* main.m in Sources */ = {isa = PBXBuildFile; fileRef = 193CB0E41F1F3B7C009AF78D /* main.m */; };
		193CB0E81F1F3B7C009AF78D /* AppDelegate.m in Sources */ = {isa = PBXBuildFile; fileRef = 193CB0E71F1F3B7C009AF78D /* AppDelegate.m */; };
		193CB0EB1F1F3B7C009AF78D /* ViewController.m in Sources */ = {isa = PBXBuildFile; fileRef = 193CB0EA1F1F3B7C009AF78D /* ViewController.m */; };
		193CB0EE1F1F3B7C009AF78D /* Main.storyboard in Resources */ = {isa = PBXBuildFile; fileRef = 193CB0EC1F1F3B7C009AF78D /* Main.storyboard */; };
		193CB0F01F1F3B7C009AF78D /* Assets.xcassets in Resources */ = {isa = PBXBuildFile; fileRef = 193CB0EF1F1F3B7C009AF78D /* Assets.xcassets */; };
		193CB0F31F1F3B7C009AF78D /* LaunchScreen.storyboard in Resources */ = {isa = PBXBuildFile; fileRef = 193CB0F11F1F3B7C009AF78D /* LaunchScreen.storyboard */; };
/* End PBXBuildFile section */

/* Begin PBXFileReference section */
		193CB0E01F1F3B7C009AF78D /* AnimationTest.app */ = {isa = PBXFileReference; explicitFileType = wrapper.application; includeInIndex = 0; path = AnimationTest.app; sourceTree = BUILT_PRODUCTS_DIR; };
		193CB0E41F1F3B7C009AF78D /* main.m */ = {isa = PBXFileReference; lastKnownFileType = sourcecode.c.objc; path = main.m; sourceTree = "<group>"; };
		193CB0E61F1F3B7C009AF78D /* AppDelegate.h */ = {isa = PBXFileReference; lastKnownFileType = sourcecode.c.h; path = AppDelegate.h; sourceTree = "<group>"; };
		193CB0E71F1F3B7C009AF78D /* AppDelegate.m */ = {isa = PBXFileReference; lastKnownFileType = sourcecode.c.objc; path = AppDelegate.m; sourceTree = "<group>"; };
		193CB0E91F1F3B7C009AF78D /* ViewController.h */ = {isa = PBXFileReference; lastKnownFileType = sourcecode.c.h; path = ViewController.h; sourceTree = "<group>"; };
		193CB0EA1F1F3B7C009AF78D /* ViewController.m */ = {isa = PBXFileReference; lastKnownFileType = sourcecode.c.objc; path = ViewController.m; sourceTree = "<group>"; };
		193CB0ED1F1F3B7C009AF78D /* Base */ = {isa = PBXFileReference; lastKnownFileType = file.storyboard; name = Base; path = Base.lproj/Main.storyboard; sourceTree = "<group>"; };
		193CB0EF1F1F3B7C009AF78D /* Assets.xcassets */ = {isa = PBXFileReference; lastKnownFileType = folder.assetcatalog; path = Assets.xcassets; sourceTree = "<group>"; };
		193CB0F21F1F3B7C009AF78D /* Base */ = {isa = PBXFileReference; lastKnownFileType = file.storyboard; name = Base; path = Base.lproj/LaunchScreen.storyboard; sourceTree = "<group>"; };
		193CB0F41F1F3B7C009AF78D /* Info.plist */ = {isa = PBXFileReference; lastKnownFileType = text.plist.xml; path = Info.plist; sourceTree = "<group>"; };
/* End PBXFileReference section */

/* Begin PBXFrameworksBuildPhase section */
		193CB0DD1F1F3B7C009AF78D /* Frameworks */ = {
			isa = PBXFrameworksBuildPhase;
			buildActionMask = 2147483647;
			files = (
			);
			runOnlyForDeploymentPostprocessing = 0;
		};
/* End PBXFrameworksBuildPhase section */

/* Begin PBXGroup section */
		193CB0D71F1F3B7B009AF78D = {
			isa = PBXGroup;
			children = (
				193CB0E21F1F3B7C009AF78D /* AnimationTest */,
				193CB0E11F1F3B7C009AF78D /* Products */,
			);
			sourceTree = "<group>";
		};
		193CB0E11F1F3B7C009AF78D /* Products */ = {
			isa = PBXGroup;
			children = (
				193CB0E01F1F3B7C009AF78D /* AnimationTest.app */,
			);
			name = Products;
			sourceTree = "<group>";
		};
		193CB0E21F1F3B7C009AF78D /* AnimationTest */ = {
			isa = PBXGroup;
			children = (
				193CB0E61F1F3B7C009AF78D /* AppDelegate.h */,
				193CB0E71F1F3B7C009AF78D /* AppDelegate.m */,
				193CB0E91F1F3B7C009AF78D /* ViewController.h */,
				193CB0EA1F1F3B7C009AF78D /* ViewController.m */,
				193CB0EC1F1F3B7C009AF78D /* Main.storyboard */,
				193CB0EF1F1F3B7C009AF78D /* Assets.xcassets */,
				193CB0F11F1F3B7C009AF78D /* LaunchScreen.storyboard */,
				193CB0F41F1F3B7C009AF78D /* Info.plist */,
				193CB0E31F1F3B7C009AF78D /* Supporting Files */,
			);
			path = AnimationTest;
			sourceTree = "<group>";
		};
		193CB0E31F1F3B7C009AF78D /* Supporting Files */ = {
			isa = PBXGroup;
			children = (
				193CB0E41F1F3B7C009AF78D /* main.m */,
			);
			name = "Supporting Files";
			sourceTree = "<group>";
		};
/* End PBXGroup section */

/* Begin PBXNativeTarget section */
		193CB0DF1F1F3B7C009AF78D /* AnimationTest */ = {
			isa = PBXNativeTarget;
			buildConfigurationList = 193CB0F71F1F3B7C009AF78D /* Build configuration list for PBXNativeTarget "AnimationTest" */;
			buildPhases = (
				193CB0DC1F1F3B7C009AF78D /* Sources */,
				193CB0DD1F1F3B7C009AF78D /* Frameworks */,
				193CB0DE1F1F3B7C009AF78D /* Resources */,
			);
			buildRules = (
			);
			dependencies = (
			);
			name = AnimationTest;
			productName = AnimationTest;
			productReference = 193CB0E01F1F3B7C009AF78D /* AnimationTest.app */;
			productType = "com.apple.product-type.application";
		};
/* End PBXNativeTarget section */

/* Begin PBXProject section */
		193CB0D81F1F3B7B009AF78D /* Project object */ = {
			isa = PBXProject;
			attributes = {
				LastUpgradeCheck = 0830;
				ORGANIZATIONNAME = YunJing;
				TargetAttributes = {
					193CB0DF1F1F3B7C009AF78D = {
						CreatedOnToolsVersion = 8.3.2;
						ProvisioningStyle = Automatic;
					};
				};
			};
			buildConfigurationList = 193CB0DB1F1F3B7B009AF78D /* Build configuration list for PBXProject "AnimationTest" */;
			compatibilityVersion = "Xcode 3.2";
			developmentRegion = English;
			hasScannedForEncodings = 0;
			knownRegions = (
				en,
				Base,
			);
			mainGroup = 193CB0D71F1F3B7B009AF78D;
			productRefGroup = 193CB0E11F1F3B7C009AF78D /* Products */;
			projectDirPath = "";
			projectRoot = "";
			targets = (
				193CB0DF1F1F3B7C009AF78D /* AnimationTest */,
			);
		};
/* End PBXProject section */

/* Begin PBXResourcesBuildPhase section */
		193CB0DE1F1F3B7C009AF78D /* Resources */ = {
			isa = PBXResourcesBuildPhase;
			buildActionMask = 2147483647;
			files = (
				193CB0F31F1F3B7C009AF78D /* LaunchScreen.storyboard in Resources */,
				193CB0F01F1F3B7C009AF78D /* Assets.xcassets in Resources */,
				193CB0EE1F1F3B7C009AF78D /* Main.storyboard in Resources */,
			);
			runOnlyForDeploymentPostprocessing = 0;
		};
/* End PBXResourcesBuildPhase section */

/* Begin PBXSourcesBuildPhase section */
		193CB0DC1F1F3B7C009AF78D /* Sources */ = {
			isa = PBXSourcesBuildPhase;
			buildActionMask = 2147483647;
			files = (
				193CB0EB1F1F3B7C009AF78D /* ViewController.m in Sources */,
				193CB0E81F1F3B7C009AF78D /* AppDelegate.m in Sources */,
				193CB0E51F1F3B7C009AF78D /* main.m in Sources */,
			);
			runOnlyForDeploymentPostprocessing = 0;
		};
/* End PBXSourcesBuildPhase section */

/* Begin PBXVariantGroup section */
		193CB0EC1F1F3B7C009AF78D /* Main.storyboard */ = {
			isa = PBXVariantGroup;
			children = (
				193CB0ED1F1F3B7C009AF78D /* Base */,
			);
			name = Main.storyboard;
			sourceTree = "<group>";
		};
		193CB0F11F1F3B7C009AF78D /* LaunchScreen.storyboard */ = {
			isa = PBXVariantGroup;
			children = (
				193CB0F21F1F3B7C009AF78D /* Base */,
			);
			name = LaunchScreen.storyboard;
			sourceTree = "<group>";
		};
/* End PBXVariantGroup section */

/* Begin XCBuildConfiguration section */
		193CB0F51F1F3B7C009AF78D /* Debug */ = {
			isa = XCBuildConfiguration;
			buildSettings = {
				ALWAYS_SEARCH_USER_PATHS = NO;
				CLANG_ANALYZER_NONNULL = YES;
				CLANG_ANALYZER_NUMBER_OBJECT_CONVERSION = YES_AGGRESSIVE;
				CLANG_CXX_LANGUAGE_STANDARD = "gnu++0x";
				CLANG_CXX_LIBRARY = "libc++";
				CLANG_ENABLE_MODULES = YES;
				CLANG_ENABLE_OBJC_ARC = YES;
				CLANG_WARN_BOOL_CONVERSION = YES;
				CLANG_WARN_CONSTANT_CONVERSION = YES;
				CLANG_WARN_DIRECT_OBJC_ISA_USAGE = YES_ERROR;
				CLANG_WARN_DOCUMENTATION_COMMENTS = YES;
				CLANG_WARN_EMPTY_BODY = YES;
				CLANG_WARN_ENUM_CONVERSION = YES;
				CLANG_WARN_INFINITE_RECURSION = YES;
				CLANG_WARN_INT_CONVERSION = YES;
				CLANG_WARN_OBJC_ROOT_CLASS = YES_ERROR;
				CLANG_WARN_SUSPICIOUS_MOVE = YES;
				CLANG_WARN_UNREACHABLE_CODE = YES;
				CLANG_WARN__DUPLICATE_METHOD_MATCH = YES;
				"CODE_SIGN_IDENTITY[sdk=iphoneos*]" = "iPhone Developer";
				COPY_PHASE_STRIP = NO;
				DEBUG_INFORMATION_FORMAT = dwarf;
				ENABLE_STRICT_OBJC_MSGSEND = YES;
				ENABLE_TESTABILITY = YES;
				GCC_C_LANGUAGE_STANDARD = gnu99;
				GCC_DYNAMIC_NO_PIC = NO;
				GCC_NO_COMMON_BLOCKS = YES;
				GCC_OPTIMIZATION_LEVEL = 0;
				GCC_PREPROCESSOR_DEFINITIONS = (
					"DEBUG=1",
					"$(inherited)",
				);
				GCC_WARN_64_TO_32_BIT_CONVERSION = YES;
				GCC_WARN_ABOUT_RETURN_TYPE = YES_ERROR;
				GCC_WARN_UNDECLARED_SELECTOR = YES;
				GCC_WARN_UNINITIALIZED_AUTOS = YES_AGGRESSIVE;
				GCC_WARN_UNUSED_FUNCTION = YES;
				GCC_WARN_UNUSED_VARIABLE = YES;
				IPHONEOS_DEPLOYMENT_TARGET = 10.3;
				MTL_ENABLE_DEBUG_INFO = YES;
				ONLY_ACTIVE_ARCH = YES;
				SDKROOT = iphoneos;
			};
			name = Debug;
		};
		193CB0F61F1F3B7C009AF78D /* Release */ = {
			isa = XCBuildConfiguration;
			buildSettings = {
				ALWAYS_SEARCH_USER_PATHS = NO;
				CLANG_ANALYZER_NONNULL = YES;
				CLANG_ANALYZER_NUMBER_OBJECT_CONVERSION = YES_AGGRESSIVE;
				CLANG_CXX_LANGUAGE_STANDARD = "gnu++0x";
				CLANG_CXX_LIBRARY = "libc++";
				CLANG_ENABLE_MODULES = YES;
				CLANG_ENABLE_OBJC_ARC = YES;
				CLANG_WARN_BOOL_CONVERSION = YES;
				CLANG_WARN_CONSTANT_CONVERSION = YES;
				CLANG_WARN_DIRECT_OBJC_ISA_USAGE = YES_ERROR;
				CLANG_WARN_DOCUMENTATION_COMMENTS = YES;
				CLANG_WARN_EMPTY_BODY = YES;
				CLANG_WARN_ENUM_CONVERSION = YES;
				CLANG_WARN_INFINITE_RECURSION = YES;
				CLANG_WARN_INT_CONVERSION = YES;
				CLANG_WARN_OBJC_ROOT_CLASS = YES_ERROR;
				CLANG_WARN_SUSPICIOUS_MOVE = YES;
				CLANG_WARN_UNREACHABLE_CODE = YES;
				CLANG_WARN__DUPLICATE_METHOD_MATCH = YES;
				"CODE_SIGN_IDENTITY[sdk=iphoneos*]" = "iPhone Developer";
				COPY_PHASE_STRIP = NO;
				DEBUG_INFORMATION_FORMAT = "dwarf-with-dsym";
				ENABLE_NS_ASSERTIONS = NO;
				ENABLE_STRICT_OBJC_MSGSEND = YES;
				GCC_C_LANGUAGE_STANDARD = gnu99;
				GCC_NO_COMMON_BLOCKS = YES;
				GCC_WARN_64_TO_32_BIT_CONVERSION = YES;
				GCC_WARN_ABOUT_RETURN_TYPE = YES_ERROR;
				GCC_WARN_UNDECLARED_SELECTOR = YES;
				GCC_WARN_UNINITIALIZED_AUTOS = YES_AGGRESSIVE;
				GCC_WARN_UNUSED_FUNCTION = YES;
				GCC_WARN_UNUSED_VARIABLE = YES;
				IPHONEOS_DEPLOYMENT_TARGET = 10.3;
				MTL_ENABLE_DEBUG_INFO = NO;
				SDKROOT = iphoneos;
				VALIDATE_PRODUCT = YES;
			};
			name = Release;
		};
		193CB0F81F1F3B7C009AF78D /* Debug */ = {
			isa = XCBuildConfiguration;
			buildSettings = {
				ASSETCATALOG_COMPILER_APPICON_NAME = AppIcon;
				INFOPLIST_FILE = AnimationTest/Info.plist;
				LD_RUNPATH_SEARCH_PATHS = "$(inherited) @executable_path/Frameworks";
				PRODUCT_BUNDLE_IDENTIFIER = com.YunJing.AnimationTest;
				PRODUCT_NAME = "$(TARGET_NAME)";
			};
			name = Debug;
		};
		193CB0F91F1F3B7C009AF78D /* Release */ = {
			isa = XCBuildConfiguration;
			buildSettings = {
				ASSETCATALOG_COMPILER_APPICON_NAME = AppIcon;
				INFOPLIST_FILE = AnimationTest/Info.plist;
				LD_RUNPATH_SEARCH_PATHS = "$(inherited) @executable_path/Frameworks";
				PRODUCT_BUNDLE_IDENTIFIER = com.YunJing.AnimationTest;
				PRODUCT_NAME = "$(TARGET_NAME)";
			};
			name = Release;
		};
/* End XCBuildConfiguration section */

/* Begin XCConfigurationList section */
		193CB0DB1F1F3B7B009AF78D /* Build configuration list for PBXProject "AnimationTest" */ = {
			isa = XCConfigurationList;
			buildConfigurations = (
				193CB0F51F1F3B7C009AF78D /* Debug */,
				193CB0F61F1F3B7C009AF78D /* Release */,
			);
			defaultConfigurationIsVisible = 0;
			defaultConfigurationName = Release;
		};
		193CB0F71F1F3B7C009AF78D /* Build configuration list for PBXNativeTarget "AnimationTest" */ = {
			isa = XCConfigurationList;
			buildConfigurations = (
				193CB0F81F1F3B7C009AF78D /* Debug */,
				193CB0F91F1F3B7C009AF78D /* Release */,
			);
			defaultConfigurationIsVisible = 0;
		};
/* End XCConfigurationList section */
	};
	rootObject = 193CB0D81F1F3B7B009AF78D /* Project object */;
}
